{
  "name": "com.aqara.cameras",
  "version": "1.2.0",
  "lockfileVersion": 3,
  "requires": true,
  "packages": {
    "": {
      "name": "com.aqara.cameras",
      "version": "1.2.0",
      "dependencies": {
        "homey": "^4.4.0",
        "homey-oauth2app": "^3.7.2",
        "ws": "^8.18.0"
      },
      "devDependencies": {
        "eslint": "^9.39.5"
      },
      "engines": {
        "node": ">=18"
      }
    },
    "node_modules/@anthropic-ai/sdk": {
      "version": "0.91.1",
      "resolved": "https://registry.npmjs.org/@anthropic-ai/sdk/-/sdk-0.91.1.tgz",
      "integrity": "sha512-LAmu761tSN9r66ixvmciswUj/ZC+1Q4iAfpedTfSVLeswRwnY3n2Nb6Tsk+cLPP28aLOPWeMgIuTuCcMC6W/iw==",
      "dev": true
    }
  }
}
